{
  "version": "5",
  "specifiers": {
    "jsr:@podhmo/with-help@~0.5.3": "0.5.3",
    "jsr:@std/cli@1": "1.0.28",
    "jsr:@std/cli@^1.0.28": "1.0.28",
    "jsr:@std/fmt@^1.0.9": "1.0.9",
    "jsr:@std/internal@^1.0.12": "1.0.12"
  },
  "jsr": {
    "@podhmo/with-help@0.5.3": {
      "integrity": "19bec7430a2bd874cf2141e7c626f8f46ff1bcf7cbe09a0d3c1eef07522592d0",
      "dependencies": [
        "jsr:@std/cli@1"
      ]
    },
    "@std/cli@1.0.28": {
      "integrity": "74ef9b976db59ca6b23a5283469c9072be6276853807a83ec6c7ce412135c70a",
      "dependencies": [
        "jsr:@std/fmt",
        "jsr:@std/internal"
      ]
    },
    "@std/fmt@1.0.9": {
      "integrity": "2487343e8899fb2be5d0e3d35013e54477ada198854e52dd05ed0422eddcabe0"
    },
    "@std/internal@1.0.12": {
      "integrity": "972a634fd5bc34b242024402972cd5143eac68d8dffaca5eaa4dba30ce17b027"
    }
  },
  "workspace": {
    "dependencies": [
      "jsr:@podhmo/with-help@~0.5.3",
      "jsr:@std/cli@^1.0.28"
    ]
  }
}
